{
  "name": "project-pir-node",
  "version": "1.0.0",
  "dependencies": {
    "bcrypt": {
      "version": "0.8.1",
      "from": "bcrypt@",
      "resolved": "https://registry.npmjs.org/bcrypt/-/bcrypt-0.8.1.tgz",
      "dependencies": {
        "bindings": {
          "version": "1.0.0",
          "from": "bindings@1.0.0",
          "resolved": "https://registry.npmjs.org/bindings/-/bindings-1.0.0.tgz"
        },
        "nan": {
          "version": "1.5.0",
          "from": "nan@1.5.0",
          "resolved": "https://registry.npmjs.org/nan/-/nan-1.5.0.tgz"
        }
      }
    },
    "body-parser": {
      "version": "1.10.0",
      "from": "body-parser@",
      "resolved": "https://registry.npmjs.org/body-parser/-/body-parser-1.10.0.tgz",
      "dependencies": {
        "bytes": {
          "version": "1.0.0",
          "from": "bytes@1.0.0",
          "resolved": "https://registry.npmjs.org/bytes/-/bytes-1.0.0.tgz"
        },
        "depd": {
          "version": "1.0.0",
          "from": "depd@~1.0.0",
          "resolved": "https://registry.npmjs.org/depd/-/depd-1.0.0.tgz"
        },
        "iconv-lite": {
          "version": "0.4.5",
          "from": "iconv-lite@0.4.5",
          "resolved": "https://registry.npmjs.org/iconv-lite/-/iconv-lite-0.4.5.tgz"
        },
        "media-typer": {
          "version": "0.3.0",
          "from": "media-typer@0.3.0",
          "resolved": "https://registry.npmjs.org/media-typer/-/media-typer-0.3.0.tgz"
        },
        "on-finished": {
          "version": "2.1.1",
          "from": "on-finished@2.1.1",
          "resolved": "https://registry.npmjs.org/on-finished/-/on-finished-2.1.1.tgz",
          "dependencies": {
            "ee-first": {
              "version": "1.1.0",
              "from": "ee-first@1.1.0",
              "resolved": "https://registry.npmjs.org/ee-first/-/ee-first-1.1.0.tgz"
            }
          }
        },
        "qs": {
          "version": "2.3.3",
          "from": "qs@2.3.3",
          "resolved": "https://registry.npmjs.org/qs/-/qs-2.3.3.tgz"
        },
        "raw-body": {
          "version": "1.3.1",
          "from": "raw-body@1.3.1",
          "resolved": "https://registry.npmjs.org/raw-body/-/raw-body-1.3.1.tgz"
        },
        "type-is": {
          "version": "1.5.4",
          "from": "type-is@~1.5.3",
          "resolved": "https://registry.npmjs.org/type-is/-/type-is-1.5.4.tgz",
          "dependencies": {
            "mime-types": {
              "version": "2.0.4",
              "from": "mime-types@~2.0.4",
              "resolved": "https://registry.npmjs.org/mime-types/-/mime-types-2.0.4.tgz",
              "dependencies": {
                "mime-db": {
                  "version": "1.3.1",
                  "from": "mime-db@1.3.1",
                  "resolved": "https://registry.npmjs.org/mime-db/-/mime-db-1.3.1.tgz"
                }
              }
            }
          }
        }
      }
    },
    "express": {
      "version": "4.10.6",
      "from": "express@4.10.6",
      "resolved": "https://registry.npmjs.org/express/-/express-4.10.6.tgz",
      "dependencies": {
        "accepts": {
          "version": "1.1.4",
          "from": "accepts@1.1.4",
          "resolved": "https://registry.npmjs.org/accepts/-/accepts-1.1.4.tgz",
          "dependencies": {
            "mime-types": {
              "version": "2.0.4",
              "from": "mime-types@~2.0.4",
              "resolved": "https://registry.npmjs.org/mime-types/-/mime-types-2.0.4.tgz",
              "dependencies": {
                "mime-db": {
                  "version": "1.3.1",
                  "from": "mime-db@~1.3.0",
                  "resolved": "https://registry.npmjs.org/mime-db/-/mime-db-1.3.1.tgz"
                }
              }
            },
            "negotiator": {
              "version": "0.4.9",
              "from": "negotiator@0.4.9",
              "resolved": "https://registry.npmjs.org/negotiator/-/negotiator-0.4.9.tgz"
            }
          }
        },
        "content-disposition": {
          "version": "0.5.0",
          "from": "content-disposition@0.5.0",
          "resolved": "https://registry.npmjs.org/content-disposition/-/content-disposition-0.5.0.tgz"
        },
        "cookie-signature": {
          "version": "1.0.5",
          "from": "cookie-signature@1.0.5",
          "resolved": "https://registry.npmjs.org/cookie-signature/-/cookie-signature-1.0.5.tgz"
        },
        "debug": {
          "version": "2.1.0",
          "from": "debug@~2.1.0",
          "resolved": "https://registry.npmjs.org/debug/-/debug-2.1.0.tgz",
          "dependencies": {
            "ms": {
              "version": "0.6.2",
              "from": "ms@0.6.2",
              "resolved": "https://registry.npmjs.org/ms/-/ms-0.6.2.tgz"
            }
          }
        },
        "depd": {
          "version": "1.0.0",
          "from": "depd@~1.0.0",
          "resolved": "https://registry.npmjs.org/depd/-/depd-1.0.0.tgz"
        },
        "escape-html": {
          "version": "1.0.1",
          "from": "escape-html@1.0.1",
          "resolved": "https://registry.npmjs.org/escape-html/-/escape-html-1.0.1.tgz"
        },
        "etag": {
          "version": "1.5.1",
          "from": "etag@~1.5.1",
          "resolved": "https://registry.npmjs.org/etag/-/etag-1.5.1.tgz",
          "dependencies": {
            "crc": {
              "version": "3.2.1",
              "from": "crc@3.2.1",
              "resolved": "https://registry.npmjs.org/crc/-/crc-3.2.1.tgz"
            }
          }
        },
        "finalhandler": {
          "version": "0.3.2",
          "from": "finalhandler@0.3.2",
          "resolved": "https://registry.npmjs.org/finalhandler/-/finalhandler-0.3.2.tgz",
          "dependencies": {
            "on-finished": {
              "version": "2.1.1",
              "from": "on-finished@2.1.1",
              "resolved": "https://registry.npmjs.org/on-finished/-/on-finished-2.1.1.tgz",
              "dependencies": {
                "ee-first": {
                  "version": "1.1.0",
                  "from": "ee-first@1.1.0",
                  "resolved": "https://registry.npmjs.org/ee-first/-/ee-first-1.1.0.tgz"
                }
              }
            }
          }
        },
        "fresh": {
          "version": "0.2.4",
          "from": "fresh@0.2.4",
          "resolved": "https://registry.npmjs.org/fresh/-/fresh-0.2.4.tgz"
        },
        "media-typer": {
          "version": "0.3.0",
          "from": "media-typer@0.3.0",
          "resolved": "https://registry.npmjs.org/media-typer/-/media-typer-0.3.0.tgz"
        },
        "methods": {
          "version": "1.1.0",
          "from": "methods@1.x",
          "resolved": "https://registry.npmjs.org/methods/-/methods-1.1.0.tgz"
        },
        "on-finished": {
          "version": "2.1.1",
          "from": "on-finished@2.1.1",
          "resolved": "https://registry.npmjs.org/on-finished/-/on-finished-2.1.1.tgz",
          "dependencies": {
            "ee-first": {
              "version": "1.1.0",
              "from": "ee-first@1.1.0",
              "resolved": "https://registry.npmjs.org/ee-first/-/ee-first-1.1.0.tgz"
            }
          }
        },
        "parseurl": {
          "version": "1.3.0",
          "from": "parseurl@~1.3.0",
          "resolved": "https://registry.npmjs.org/parseurl/-/parseurl-1.3.0.tgz"
        },
        "path-to-regexp": {
          "version": "0.1.3",
          "from": "path-to-regexp@0.1.3",
          "resolved": "https://registry.npmjs.org/path-to-regexp/-/path-to-regexp-0.1.3.tgz"
        },
        "proxy-addr": {
          "version": "1.0.4",
          "from": "proxy-addr@~1.0.4",
          "resolved": "https://registry.npmjs.org/proxy-addr/-/proxy-addr-1.0.4.tgz",
          "dependencies": {
            "forwarded": {
              "version": "0.1.0",
              "from": "forwarded@~0.1.0",
              "resolved": "https://registry.npmjs.org/forwarded/-/forwarded-0.1.0.tgz"
            },
            "ipaddr.js": {
              "version": "0.1.5",
              "from": "ipaddr.js@0.1.5",
              "resolved": "https://registry.npmjs.org/ipaddr.js/-/ipaddr.js-0.1.5.tgz"
            }
          }
        },
        "qs": {
          "version": "2.3.3",
          "from": "qs@2.3.3",
          "resolved": "https://registry.npmjs.org/qs/-/qs-2.3.3.tgz"
        },
        "range-parser": {
          "version": "1.0.2",
          "from": "range-parser@~1.0.2",
          "resolved": "https://registry.npmjs.org/range-parser/-/range-parser-1.0.2.tgz"
        },
        "send": {
          "version": "0.10.1",
          "from": "send@0.10.1",
          "resolved": "https://registry.npmjs.org/send/-/send-0.10.1.tgz",
          "dependencies": {
            "destroy": {
              "version": "1.0.3",
              "from": "destroy@1.0.3",
              "resolved": "https://registry.npmjs.org/destroy/-/destroy-1.0.3.tgz"
            },
            "mime": {
              "version": "1.2.11",
              "from": "mime@1.2.11",
              "resolved": "https://registry.npmjs.org/mime/-/mime-1.2.11.tgz"
            },
            "ms": {
              "version": "0.6.2",
              "from": "ms@0.6.2",
              "resolved": "https://registry.npmjs.org/ms/-/ms-0.6.2.tgz"
            },
            "on-finished": {
              "version": "2.1.1",
              "from": "on-finished@2.1.1",
              "resolved": "https://registry.npmjs.org/on-finished/-/on-finished-2.1.1.tgz",
              "dependencies": {
                "ee-first": {
                  "version": "1.1.0",
                  "from": "ee-first@1.1.0",
                  "resolved": "https://registry.npmjs.org/ee-first/-/ee-first-1.1.0.tgz"
                }
              }
            }
          }
        },
        "serve-static": {
          "version": "1.7.1",
          "from": "serve-static@~1.7.1",
          "resolved": "https://registry.npmjs.org/serve-static/-/serve-static-1.7.1.tgz"
        },
        "type-is": {
          "version": "1.5.4",
          "from": "type-is@~1.5.4",
          "resolved": "https://registry.npmjs.org/type-is/-/type-is-1.5.4.tgz",
          "dependencies": {
            "mime-types": {
              "version": "2.0.4",
              "from": "mime-types@~2.0.4",
              "resolved": "https://registry.npmjs.org/mime-types/-/mime-types-2.0.4.tgz",
              "dependencies": {
                "mime-db": {
                  "version": "1.3.1",
                  "from": "mime-db@1.3.1",
                  "resolved": "https://registry.npmjs.org/mime-db/-/mime-db-1.3.1.tgz"
                }
              }
            }
          }
        },
        "vary": {
          "version": "1.0.0",
          "from": "vary@~1.0.0",
          "resolved": "https://registry.npmjs.org/vary/-/vary-1.0.0.tgz"
        },
        "cookie": {
          "version": "0.1.2",
          "from": "cookie@0.1.2",
          "resolved": "https://registry.npmjs.org/cookie/-/cookie-0.1.2.tgz"
        },
        "merge-descriptors": {
          "version": "0.0.2",
          "from": "merge-descriptors@0.0.2",
          "resolved": "https://registry.npmjs.org/merge-descriptors/-/merge-descriptors-0.0.2.tgz"
        },
        "utils-merge": {
          "version": "1.0.0",
          "from": "utils-merge@1.0.0",
          "resolved": "https://registry.npmjs.org/utils-merge/-/utils-merge-1.0.0.tgz"
        }
      }
    },
    "express-subdomain": {
      "version": "1.0.2",
      "from": "express-subdomain@",
      "resolved": "https://registry.npmjs.org/express-subdomain/-/express-subdomain-1.0.2.tgz"
    },
    "hiredis": {
      "version": "0.1.17",
      "from": "hiredis@",
      "resolved": "https://registry.npmjs.org/hiredis/-/hiredis-0.1.17.tgz",
      "dependencies": {
        "bindings": {
          "version": "1.2.1",
          "from": "bindings@*",
          "resolved": "https://registry.npmjs.org/bindings/-/bindings-1.2.1.tgz"
        },
        "nan": {
          "version": "1.1.2",
          "from": "nan@~1.1.0",
          "resolved": "https://registry.npmjs.org/nan/-/nan-1.1.2.tgz"
        }
      }
    },
    "jsonwebtoken": {
      "version": "3.2.2",
      "from": "jsonwebtoken@",
      "resolved": "https://registry.npmjs.org/jsonwebtoken/-/jsonwebtoken-3.2.2.tgz",
      "dependencies": {
        "jws": {
          "version": "1.0.1",
          "from": "jws@~1.0.1",
          "resolved": "https://registry.npmjs.org/jws/-/jws-1.0.1.tgz",
          "dependencies": {
            "jwa": {
              "version": "1.0.0",
              "from": "jwa@~1.0.0",
              "resolved": "https://registry.npmjs.org/jwa/-/jwa-1.0.0.tgz",
              "dependencies": {
                "base64url": {
                  "version": "0.0.6",
                  "from": "base64url@~0.0.4",
                  "resolved": "https://registry.npmjs.org/base64url/-/base64url-0.0.6.tgz"
                },
                "buffer-equal-constant-time": {
                  "version": "1.0.1",
                  "from": "buffer-equal-constant-time@^1.0.1",
                  "resolved": "https://registry.npmjs.org/buffer-equal-constant-time/-/buffer-equal-constant-time-1.0.1.tgz"
                }
              }
            },
            "base64url": {
              "version": "1.0.4",
              "from": "base64url@~1.0.4",
              "resolved": "https://registry.npmjs.org/base64url/-/base64url-1.0.4.tgz",
              "dependencies": {
                "concat-stream": {
                  "version": "1.4.7",
                  "from": "concat-stream@~1.4.7",
                  "resolved": "https://registry.npmjs.org/concat-stream/-/concat-stream-1.4.7.tgz",
                  "dependencies": {
                    "inherits": {
                      "version": "2.0.1",
                      "from": "inherits@~2.0.1",
                      "resolved": "https://registry.npmjs.org/inherits/-/inherits-2.0.1.tgz"
                    },
                    "typedarray": {
                      "version": "0.0.6",
                      "from": "typedarray@~0.0.5",
                      "resolved": "https://registry.npmjs.org/typedarray/-/typedarray-0.0.6.tgz"
                    },
                    "readable-stream": {
                      "version": "1.1.13",
                      "from": "readable-stream@~1.1.9",
                      "resolved": "https://registry.npmjs.org/readable-stream/-/readable-stream-1.1.13.tgz",
                      "dependencies": {
                        "core-util-is": {
                          "version": "1.0.1",
                          "from": "core-util-is@~1.0.0",
                          "resolved": "https://registry.npmjs.org/core-util-is/-/core-util-is-1.0.1.tgz"
                        },
                        "isarray": {
                          "version": "0.0.1",
                          "from": "isarray@0.0.1",
                          "resolved": "https://registry.npmjs.org/isarray/-/isarray-0.0.1.tgz"
                        },
                        "string_decoder": {
                          "version": "0.10.31",
                          "from": "string_decoder@~0.10.x",
                          "resolved": "https://registry.npmjs.org/string_decoder/-/string_decoder-0.10.31.tgz"
                        }
                      }
                    }
                  }
                },
                "meow": {
                  "version": "2.0.0",
                  "from": "meow@~2.0.0",
                  "resolved": "https://registry.npmjs.org/meow/-/meow-2.0.0.tgz",
                  "dependencies": {
                    "camelcase-keys": {
                      "version": "1.0.0",
                      "from": "camelcase-keys@^1.0.0",
                      "resolved": "https://registry.npmjs.org/camelcase-keys/-/camelcase-keys-1.0.0.tgz",
                      "dependencies": {
                        "camelcase": {
                          "version": "1.0.2",
                          "from": "camelcase@^1.0.1",
                          "resolved": "https://registry.npmjs.org/camelcase/-/camelcase-1.0.2.tgz"
                        },
                        "map-obj": {
                          "version": "1.0.0",
                          "from": "map-obj@^1.0.0",
                          "resolved": "https://registry.npmjs.org/map-obj/-/map-obj-1.0.0.tgz"
                        }
                      }
                    },
                    "indent-string": {
                      "version": "1.2.0",
                      "from": "indent-string@^1.1.0",
                      "resolved": "https://registry.npmjs.org/indent-string/-/indent-string-1.2.0.tgz",
                      "dependencies": {
                        "get-stdin": {
                          "version": "3.0.2",
                          "from": "get-stdin@^3.0.0",
                          "resolved": "https://registry.npmjs.org/get-stdin/-/get-stdin-3.0.2.tgz"
                        },
                        "repeating": {
                          "version": "1.1.1",
                          "from": "repeating@^1.1.0",
                          "resolved": "https://registry.npmjs.org/repeating/-/repeating-1.1.1.tgz",
                          "dependencies": {
                            "is-finite": {
                              "version": "1.0.0",
                              "from": "is-finite@^1.0.0",
                              "resolved": "https://registry.npmjs.org/is-finite/-/is-finite-1.0.0.tgz"
                            }
                          }
                        }
                      }
                    },
                    "minimist": {
                      "version": "1.1.0",
                      "from": "minimist@^1.1.0",
                      "resolved": "https://registry.npmjs.org/minimist/-/minimist-1.1.0.tgz"
                    },
                    "object-assign": {
                      "version": "1.0.0",
                      "from": "object-assign@^1.0.0",
                      "resolved": "https://registry.npmjs.org/object-assign/-/object-assign-1.0.0.tgz"
                    }
                  }
                }
              }
            }
          }
        }
      }
    },
    "mongodb": {
      "version": "1.4.23",
      "from": "https://registry.npmjs.org/mongodb/-/mongodb-1.4.23.tgz",
      "resolved": "https://registry.npmjs.org/mongodb/-/mongodb-1.4.23.tgz",
      "dependencies": {
        "bson": {
          "version": "0.2.15",
          "from": "https://registry.npmjs.org/bson/-/bson-0.2.15.tgz",
          "resolved": "https://registry.npmjs.org/bson/-/bson-0.2.15.tgz",
          "dependencies": {
            "nan": {
              "version": "1.3.0",
              "from": "https://registry.npmjs.org/nan/-/nan-1.3.0.tgz",
              "resolved": "https://registry.npmjs.org/nan/-/nan-1.3.0.tgz"
            }
          }
        },
        "kerberos": {
          "version": "0.0.6",
          "from": "https://registry.npmjs.org/kerberos/-/kerberos-0.0.6.tgz",
          "resolved": "https://registry.npmjs.org/kerberos/-/kerberos-0.0.6.tgz",
          "dependencies": {
            "nan": {
              "version": "1.3.0",
              "from": "https://registry.npmjs.org/nan/-/nan-1.3.0.tgz",
              "resolved": "https://registry.npmjs.org/nan/-/nan-1.3.0.tgz"
            }
          }
        },
        "readable-stream": {
          "version": "1.0.33",
          "from": "https://registry.npmjs.org/readable-stream/-/readable-stream-1.0.33.tgz",
          "resolved": "https://registry.npmjs.org/readable-stream/-/readable-stream-1.0.33.tgz",
          "dependencies": {
            "core-util-is": {
              "version": "1.0.1",
              "from": "https://registry.npmjs.org/core-util-is/-/core-util-is-1.0.1.tgz",
              "resolved": "https://registry.npmjs.org/core-util-is/-/core-util-is-1.0.1.tgz"
            },
            "isarray": {
              "version": "0.0.1",
              "from": "https://registry.npmjs.org/isarray/-/isarray-0.0.1.tgz",
              "resolved": "https://registry.npmjs.org/isarray/-/isarray-0.0.1.tgz"
            },
            "string_decoder": {
              "version": "0.10.31",
              "from": "https://registry.npmjs.org/string_decoder/-/string_decoder-0.10.31.tgz",
              "resolved": "https://registry.npmjs.org/string_decoder/-/string_decoder-0.10.31.tgz"
            },
            "inherits": {
              "version": "2.0.1",
              "from": "https://registry.npmjs.org/inherits/-/inherits-2.0.1.tgz",
              "resolved": "https://registry.npmjs.org/inherits/-/inherits-2.0.1.tgz"
            }
          }
        }
      }
    },
    "mongoose": {
      "version": "3.8.21",
      "from": "https://registry.npmjs.org/mongoose/-/mongoose-3.8.21.tgz",
      "resolved": "https://registry.npmjs.org/mongoose/-/mongoose-3.8.21.tgz",
      "dependencies": {
        "mongodb": {
          "version": "1.4.12",
          "from": "https://registry.npmjs.org/mongodb/-/mongodb-1.4.12.tgz",
          "resolved": "https://registry.npmjs.org/mongodb/-/mongodb-1.4.12.tgz",
          "dependencies": {
            "bson": {
              "version": "0.2.16",
              "from": "https://registry.npmjs.org/bson/-/bson-0.2.16.tgz",
              "resolved": "https://registry.npmjs.org/bson/-/bson-0.2.16.tgz",
              "dependencies": {
                "nan": {
                  "version": "1.3.0",
                  "from": "https://registry.npmjs.org/nan/-/nan-1.3.0.tgz",
                  "resolved": "https://registry.npmjs.org/nan/-/nan-1.3.0.tgz"
                }
              }
            },
            "kerberos": {
              "version": "0.0.4",
              "from": "https://registry.npmjs.org/kerberos/-/kerberos-0.0.4.tgz",
              "resolved": "https://registry.npmjs.org/kerberos/-/kerberos-0.0.4.tgz"
            },
            "readable-stream": {
              "version": "1.0.33",
              "from": "https://registry.npmjs.org/readable-stream/-/readable-stream-1.0.33.tgz",
              "resolved": "https://registry.npmjs.org/readable-stream/-/readable-stream-1.0.33.tgz",
              "dependencies": {
                "core-util-is": {
                  "version": "1.0.1",
                  "from": "https://registry.npmjs.org/core-util-is/-/core-util-is-1.0.1.tgz",
                  "resolved": "https://registry.npmjs.org/core-util-is/-/core-util-is-1.0.1.tgz"
                },
                "isarray": {
                  "version": "0.0.1",
                  "from": "https://registry.npmjs.org/isarray/-/isarray-0.0.1.tgz",
                  "resolved": "https://registry.npmjs.org/isarray/-/isarray-0.0.1.tgz"
                },
                "string_decoder": {
                  "version": "0.10.31",
                  "from": "https://registry.npmjs.org/string_decoder/-/string_decoder-0.10.31.tgz",
                  "resolved": "https://registry.npmjs.org/string_decoder/-/string_decoder-0.10.31.tgz"
                },
                "inherits": {
                  "version": "2.0.1",
                  "from": "https://registry.npmjs.org/inherits/-/inherits-2.0.1.tgz",
                  "resolved": "https://registry.npmjs.org/inherits/-/inherits-2.0.1.tgz"
                }
              }
            }
          }
        },
        "hooks": {
          "version": "0.2.1",
          "from": "https://registry.npmjs.org/hooks/-/hooks-0.2.1.tgz",
          "resolved": "https://registry.npmjs.org/hooks/-/hooks-0.2.1.tgz"
        },
        "ms": {
          "version": "0.1.0",
          "from": "https://registry.npmjs.org/ms/-/ms-0.1.0.tgz",
          "resolved": "https://registry.npmjs.org/ms/-/ms-0.1.0.tgz"
        },
        "sliced": {
          "version": "0.0.5",
          "from": "https://registry.npmjs.org/sliced/-/sliced-0.0.5.tgz",
          "resolved": "https://registry.npmjs.org/sliced/-/sliced-0.0.5.tgz"
        },
        "muri": {
          "version": "0.3.1",
          "from": "https://registry.npmjs.org/muri/-/muri-0.3.1.tgz",
          "resolved": "https://registry.npmjs.org/muri/-/muri-0.3.1.tgz"
        },
        "mpromise": {
          "version": "0.4.3",
          "from": "https://registry.npmjs.org/mpromise/-/mpromise-0.4.3.tgz",
          "resolved": "https://registry.npmjs.org/mpromise/-/mpromise-0.4.3.tgz"
        },
        "mpath": {
          "version": "0.1.1",
          "from": "https://registry.npmjs.org/mpath/-/mpath-0.1.1.tgz",
          "resolved": "https://registry.npmjs.org/mpath/-/mpath-0.1.1.tgz"
        },
        "regexp-clone": {
          "version": "0.0.1",
          "from": "https://registry.npmjs.org/regexp-clone/-/regexp-clone-0.0.1.tgz",
          "resolved": "https://registry.npmjs.org/regexp-clone/-/regexp-clone-0.0.1.tgz"
        },
        "mquery": {
          "version": "0.8.0",
          "from": "https://registry.npmjs.org/mquery/-/mquery-0.8.0.tgz",
          "resolved": "https://registry.npmjs.org/mquery/-/mquery-0.8.0.tgz",
          "dependencies": {
            "debug": {
              "version": "0.7.4",
              "from": "https://registry.npmjs.org/debug/-/debug-0.7.4.tgz",
              "resolved": "https://registry.npmjs.org/debug/-/debug-0.7.4.tgz"
            }
          }
        }
      }
    },
    "monk": {
      "version": "0.9.1",
      "from": "monk@",
      "resolved": "https://registry.npmjs.org/monk/-/monk-0.9.1.tgz",
      "dependencies": {
        "mongoskin": {
          "version": "1.4.4",
          "from": "mongoskin@1.4.4",
          "resolved": "https://registry.npmjs.org/mongoskin/-/mongoskin-1.4.4.tgz",
          "dependencies": {
            "mongodb": {
              "version": "1.4.4",
              "from": "mongodb@1.4.4",
              "resolved": "https://registry.npmjs.org/mongodb/-/mongodb-1.4.4.tgz",
              "dependencies": {
                "bson": {
                  "version": "0.2.8",
                  "from": "bson@0.2.8",
                  "resolved": "https://registry.npmjs.org/bson/-/bson-0.2.8.tgz",
                  "dependencies": {
                    "nan": {
                      "version": "1.0.0",
                      "from": "nan@~1.0.0",
                      "resolved": "https://registry.npmjs.org/nan/-/nan-1.0.0.tgz"
                    }
                  }
                },
                "kerberos": {
                  "version": "0.0.3",
                  "from": "kerberos@0.0.3",
                  "resolved": "https://registry.npmjs.org/kerberos/-/kerberos-0.0.3.tgz"
                }
              }
            }
          }
        },
        "debug": {
          "version": "2.1.0",
          "from": "debug@*",
          "resolved": "https://registry.npmjs.org/debug/-/debug-2.1.0.tgz",
          "dependencies": {
            "ms": {
              "version": "0.6.2",
              "from": "ms@0.6.2",
              "resolved": "https://registry.npmjs.org/ms/-/ms-0.6.2.tgz"
            }
          }
        },
        "mpromise": {
          "version": "0.5.1",
          "from": "mpromise@0.5.1",
          "resolved": "https://registry.npmjs.org/mpromise/-/mpromise-0.5.1.tgz"
        }
      }
    },
    "passport": {
      "version": "0.2.1",
      "from": "passport@",
      "resolved": "https://registry.npmjs.org/passport/-/passport-0.2.1.tgz",
      "dependencies": {
        "passport-strategy": {
          "version": "1.0.0",
          "from": "passport-strategy@1.x.x",
          "resolved": "https://registry.npmjs.org/passport-strategy/-/passport-strategy-1.0.0.tgz"
        },
        "pause": {
          "version": "0.0.1",
          "from": "pause@0.0.1",
          "resolved": "https://registry.npmjs.org/pause/-/pause-0.0.1.tgz"
        }
      }
    },
    "passport-http": {
      "version": "0.2.2",
      "from": "passport-http@",
      "resolved": "https://registry.npmjs.org/passport-http/-/passport-http-0.2.2.tgz",
      "dependencies": {
        "pkginfo": {
          "version": "0.2.3",
          "from": "pkginfo@0.2.x",
          "resolved": "https://registry.npmjs.org/pkginfo/-/pkginfo-0.2.3.tgz"
        },
        "passport": {
          "version": "0.1.18",
          "from": "passport@~0.1.3",
          "resolved": "https://registry.npmjs.org/passport/-/passport-0.1.18.tgz",
          "dependencies": {
            "pause": {
              "version": "0.0.1",
              "from": "pause@0.0.1",
              "resolved": "https://registry.npmjs.org/pause/-/pause-0.0.1.tgz"
            }
          }
        }
      }
    },
    "redis": {
      "version": "0.12.1",
      "from": "redis@",
      "resolved": "https://registry.npmjs.org/redis/-/redis-0.12.1.tgz"
    }
  }
}
